// !$*UTF8*$!
{
	archiveVersion = 1;
	classes = {
	};
	objectVersion = 56;
	objects = {

/* Begin PBXBuildFile section */
		271940482A70A1B600137BAB /* FruitDetailsView.swift in Sources */ = {isa = PBXBuildFile; fileRef = 271940472A70A1B600137BAB /* FruitDetailsView.swift */; };
		2719404A2A70A75E00137BAB /* FruitHeaderView.swift in Sources */ = {isa = PBXBuildFile; fileRef = 271940492A70A75E00137BAB /* FruitHeaderView.swift */; };
		2719404C2A70AC7000137BAB /* SourceLinkView.swift in Sources */ = {isa = PBXBuildFile; fileRef = 2719404B2A70AC7000137BAB /* SourceLinkView.swift */; };
		27348EF52A816847007FC1E7 /* SettingsView.swift in Sources */ = {isa = PBXBuildFile; fileRef = 27348EF42A816847007FC1E7 /* SettingsView.swift */; };
		27348EF72A81719C007FC1E7 /* SettingsLabelView.swift in Sources */ = {isa = PBXBuildFile; fileRef = 27348EF62A81719C007FC1E7 /* SettingsLabelView.swift */; };
		27348EF92A819F5C007FC1E7 /* SettingsRowView.swift in Sources */ = {isa = PBXBuildFile; fileRef = 27348EF82A819F5C007FC1E7 /* SettingsRowView.swift */; };
		2741B14A2A6F31A4000C4711 /* FruitRowView.swift in Sources */ = {isa = PBXBuildFile; fileRef = 2741B1492A6F31A4000C4711 /* FruitRowView.swift */; };
		279053652A72C24C007FC777 /* FruitNutrientsView.swift in Sources */ = {isa = PBXBuildFile; fileRef = 279053642A72C24C007FC777 /* FruitNutrientsView.swift */; };
		279BB7642A46714500A4D313 /* FructusApp.swift in Sources */ = {isa = PBXBuildFile; fileRef = 279BB7632A46714500A4D313 /* FructusApp.swift */; };
		279BB7662A46714500A4D313 /* ContentView.swift in Sources */ = {isa = PBXBuildFile; fileRef = 279BB7652A46714500A4D313 /* ContentView.swift */; };
		279BB7682A46714600A4D313 /* Assets.xcassets in Resources */ = {isa = PBXBuildFile; fileRef = 279BB7672A46714600A4D313 /* Assets.xcassets */; };
		279BB76B2A46714600A4D313 /* Preview Assets.xcassets in Resources */ = {isa = PBXBuildFile; fileRef = 279BB76A2A46714600A4D313 /* Preview Assets.xcassets */; };
		279BB7742A467D4A00A4D313 /* FruitCardView.swift in Sources */ = {isa = PBXBuildFile; fileRef = 279BB7732A467D4A00A4D313 /* FruitCardView.swift */; };
		279BB7772A4680EE00A4D313 /* ColorExtension.swift in Sources */ = {isa = PBXBuildFile; fileRef = 279BB7762A4680EE00A4D313 /* ColorExtension.swift */; };
		279BB7792A4683A200A4D313 /* StartButtonView.swift in Sources */ = {isa = PBXBuildFile; fileRef = 279BB7782A4683A200A4D313 /* StartButtonView.swift */; };
		279BB77B2A468AD000A4D313 /* OnboardingView.swift in Sources */ = {isa = PBXBuildFile; fileRef = 279BB77A2A468AD000A4D313 /* OnboardingView.swift */; };
		27F951AC2A475BA90065B76F /* FruitModel.swift in Sources */ = {isa = PBXBuildFile; fileRef = 27F951AB2A475BA90065B76F /* FruitModel.swift */; };
		27F951AF2A475EE60065B76F /* FruitData.swift in Sources */ = {isa = PBXBuildFile; fileRef = 27F951AE2A475EE60065B76F /* FruitData.swift */; };
/* End PBXBuildFile section */

/* Begin PBXFileReference section */
		271940472A70A1B600137BAB /* FruitDetailsView.swift */ = {isa = PBXFileReference; lastKnownFileType = sourcecode.swift; path = FruitDetailsView.swift; sourceTree = "<group>"; };
		271940492A70A75E00137BAB /* FruitHeaderView.swift */ = {isa = PBXFileReference; lastKnownFileType = sourcecode.swift; path = FruitHeaderView.swift; sourceTree = "<group>"; };
		2719404B2A70AC7000137BAB /* SourceLinkView.swift */ = {isa = PBXFileReference; lastKnownFileType = sourcecode.swift; path = SourceLinkView.swift; sourceTree = "<group>"; };
		27348EF42A816847007FC1E7 /* SettingsView.swift */ = {isa = PBXFileReference; lastKnownFileType = sourcecode.swift; path = SettingsView.swift; sourceTree = "<group>"; };
		27348EF62A81719C007FC1E7 /* SettingsLabelView.swift */ = {isa = PBXFileReference; lastKnownFileType = sourcecode.swift; path = SettingsLabelView.swift; sourceTree = "<group>"; };
		27348EF82A819F5C007FC1E7 /* SettingsRowView.swift */ = {isa = PBXFileReference; lastKnownFileType = sourcecode.swift; path = SettingsRowView.swift; sourceTree = "<group>"; };
		2741B1492A6F31A4000C4711 /* FruitRowView.swift */ = {isa = PBXFileReference; lastKnownFileType = sourcecode.swift; path = FruitRowView.swift; sourceTree = "<group>"; };
		279053642A72C24C007FC777 /* FruitNutrientsView.swift */ = {isa = PBXFileReference; lastKnownFileType = sourcecode.swift; path = FruitNutrientsView.swift; sourceTree = "<group>"; };
		279BB7602A46714500A4D313 /* Fructus.app */ = {isa = PBXFileReference; explicitFileType = wrapper.application; includeInIndex = 0; path = Fructus.app; sourceTree = BUILT_PRODUCTS_DIR; };
		279BB7632A46714500A4D313 /* FructusApp.swift */ = {isa = PBXFileReference; lastKnownFileType = sourcecode.swift; path = FructusApp.swift; sourceTree = "<group>"; };
		279BB7652A46714500A4D313 /* ContentView.swift */ = {isa = PBXFileReference; lastKnownFileType = sourcecode.swift; path = ContentView.swift; sourceTree = "<group>"; };
		279BB7672A46714600A4D313 /* Assets.xcassets */ = {isa = PBXFileReference; lastKnownFileType = folder.assetcatalog; path = Assets.xcassets; sourceTree = "<group>"; };
		279BB76A2A46714600A4D313 /* Preview Assets.xcassets */ = {isa = PBXFileReference; lastKnownFileType = folder.assetcatalog; path = "Preview Assets.xcassets"; sourceTree = "<group>"; };
		279BB7732A467D4A00A4D313 /* FruitCardView.swift */ = {isa = PBXFileReference; lastKnownFileType = sourcecode.swift; path = FruitCardView.swift; sourceTree = "<group>"; };
		279BB7762A4680EE00A4D313 /* ColorExtension.swift */ = {isa = PBXFileReference; lastKnownFileType = sourcecode.swift; path = ColorExtension.swift; sourceTree = "<group>"; };
		279BB7782A4683A200A4D313 /* StartButtonView.swift */ = {isa = PBXFileReference; lastKnownFileType = sourcecode.swift; path = StartButtonView.swift; sourceTree = "<group>"; };
		279BB77A2A468AD000A4D313 /* OnboardingView.swift */ = {isa = PBXFileReference; lastKnownFileType = sourcecode.swift; path = OnboardingView.swift; sourceTree = "<group>"; };
		27F951AB2A475BA90065B76F /* FruitModel.swift */ = {isa = PBXFileReference; lastKnownFileType = sourcecode.swift; path = FruitModel.swift; sourceTree = "<group>"; };
		27F951AE2A475EE60065B76F /* FruitData.swift */ = {isa = PBXFileReference; lastKnownFileType = sourcecode.swift; path = FruitData.swift; sourceTree = "<group>"; };
/* End PBXFileReference section */

/* Begin PBXFrameworksBuildPhase section */
		279BB75D2A46714500A4D313 /* Frameworks */ = {
			isa = PBXFrameworksBuildPhase;
			buildActionMask = 2147483647;
			files = (
			);
			runOnlyForDeploymentPostprocessing = 0;
		};
/* End PBXFrameworksBuildPhase section */

/* Begin PBXGroup section */
		279BB7572A46714500A4D313 = {
			isa = PBXGroup;
			children = (
				279BB7622A46714500A4D313 /* Fructus */,
				279BB7612A46714500A4D313 /* Products */,
			);
			sourceTree = "<group>";
		};
		279BB7612A46714500A4D313 /* Products */ = {
			isa = PBXGroup;
			children = (
				279BB7602A46714500A4D313 /* Fructus.app */,
			);
			name = Products;
			sourceTree = "<group>";
		};
		279BB7622A46714500A4D313 /* Fructus */ = {
			isa = PBXGroup;
			children = (
				279BB7632A46714500A4D313 /* FructusApp.swift */,
				279BB7752A4680DC00A4D313 /* Utility */,
				279BB7712A467C0000A4D313 /* Screen */,
				27F951AA2A475B990065B76F /* Model */,
				27F951AD2A475ED60065B76F /* Data */,
				279BB7722A467D2500A4D313 /* View */,
				279BB7672A46714600A4D313 /* Assets.xcassets */,
				279BB7692A46714600A4D313 /* Preview Content */,
			);
			path = Fructus;
			sourceTree = "<group>";
		};
		279BB7692A46714600A4D313 /* Preview Content */ = {
			isa = PBXGroup;
			children = (
				279BB76A2A46714600A4D313 /* Preview Assets.xcassets */,
			);
			path = "Preview Content";
			sourceTree = "<group>";
		};
		279BB7712A467C0000A4D313 /* Screen */ = {
			isa = PBXGroup;
			children = (
				279BB77A2A468AD000A4D313 /* OnboardingView.swift */,
				279BB7652A46714500A4D313 /* ContentView.swift */,
				271940472A70A1B600137BAB /* FruitDetailsView.swift */,
				27348EF42A816847007FC1E7 /* SettingsView.swift */,
			);
			path = Screen;
			sourceTree = "<group>";
		};
		279BB7722A467D2500A4D313 /* View */ = {
			isa = PBXGroup;
			children = (
				279BB7732A467D4A00A4D313 /* FruitCardView.swift */,
				279BB7782A4683A200A4D313 /* StartButtonView.swift */,
				2741B1492A6F31A4000C4711 /* FruitRowView.swift */,
				271940492A70A75E00137BAB /* FruitHeaderView.swift */,
				2719404B2A70AC7000137BAB /* SourceLinkView.swift */,
				279053642A72C24C007FC777 /* FruitNutrientsView.swift */,
				27348EF62A81719C007FC1E7 /* SettingsLabelView.swift */,
				27348EF82A819F5C007FC1E7 /* SettingsRowView.swift */,
			);
			path = View;
			sourceTree = "<group>";
		};
		279BB7752A4680DC00A4D313 /* Utility */ = {
			isa = PBXGroup;
			children = (
				279BB7762A4680EE00A4D313 /* ColorExtension.swift */,
			);
			path = Utility;
			sourceTree = "<group>";
		};
		27F951AA2A475B990065B76F /* Model */ = {
			isa = PBXGroup;
			children = (
				27F951AB2A475BA90065B76F /* FruitModel.swift */,
			);
			path = Model;
			sourceTree = "<group>";
		};
		27F951AD2A475ED60065B76F /* Data */ = {
			isa = PBXGroup;
			children = (
				27F951AE2A475EE60065B76F /* FruitData.swift */,
			);
			path = Data;
			sourceTree = "<group>";
		};
/* End PBXGroup section */

/* Begin PBXNativeTarget section */
		279BB75F2A46714500A4D313 /* Fructus */ = {
			isa = PBXNativeTarget;
			buildConfigurationList = 279BB76E2A46714600A4D313 /* Build configuration list for PBXNativeTarget "Fructus" */;
			buildPhases = (
				279BB75C2A46714500A4D313 /* Sources */,
				279BB75D2A46714500A4D313 /* Frameworks */,
				279BB75E2A46714500A4D313 /* Resources */,
			);
			buildRules = (
			);
			dependencies = (
			);
			name = Fructus;
			productName = Fructus;
			productReference = 279BB7602A46714500A4D313 /* Fructus.app */;
			productType = "com.apple.product-type.application";
		};
/* End PBXNativeTarget section */

/* Begin PBXProject section */
		279BB7582A46714500A4D313 /* Project object */ = {
			isa = PBXProject;
			attributes = {
				BuildIndependentTargetsInParallel = 1;
				LastSwiftUpdateCheck = 1430;
				LastUpgradeCheck = 1430;
				TargetAttributes = {
					279BB75F2A46714500A4D313 = {
						CreatedOnToolsVersion = 14.3;
					};
				};
			};
			buildConfigurationList = 279BB75B2A46714500A4D313 /* Build configuration list for PBXProject "Fructus" */;
			compatibilityVersion = "Xcode 14.0";
			developmentRegion = en;
			hasScannedForEncodings = 0;
			knownRegions = (
				en,
				Base,
			);
			mainGroup = 279BB7572A46714500A4D313;
			productRefGroup = 279BB7612A46714500A4D313 /* Products */;
			projectDirPath = "";
			projectRoot = "";
			targets = (
				279BB75F2A46714500A4D313 /* Fructus */,
			);
		};
/* End PBXProject section */

/* Begin PBXResourcesBuildPhase section */
		279BB75E2A46714500A4D313 /* Resources */ = {
			isa = PBXResourcesBuildPhase;
			buildActionMask = 2147483647;
			files = (
				279BB76B2A46714600A4D313 /* Preview Assets.xcassets in Resources */,
				279BB7682A46714600A4D313 /* Assets.xcassets in Resources */,
			);
			runOnlyForDeploymentPostprocessing = 0;
		};
/* End PBXResourcesBuildPhase section */

/* Begin PBXSourcesBuildPhase section */
		279BB75C2A46714500A4D313 /* Sources */ = {
			isa = PBXSourcesBuildPhase;
			buildActionMask = 2147483647;
			files = (
				271940482A70A1B600137BAB /* FruitDetailsView.swift in Sources */,
				279BB7742A467D4A00A4D313 /* FruitCardView.swift in Sources */,
				27F951AC2A475BA90065B76F /* FruitModel.swift in Sources */,
				279053652A72C24C007FC777 /* FruitNutrientsView.swift in Sources */,
				27348EF92A819F5C007FC1E7 /* SettingsRowView.swift in Sources */,
				2741B14A2A6F31A4000C4711 /* FruitRowView.swift in Sources */,
				279BB7662A46714500A4D313 /* ContentView.swift in Sources */,
				279BB7642A46714500A4D313 /* FructusApp.swift in Sources */,
				27348EF52A816847007FC1E7 /* SettingsView.swift in Sources */,
				279BB77B2A468AD000A4D313 /* OnboardingView.swift in Sources */,
				2719404A2A70A75E00137BAB /* FruitHeaderView.swift in Sources */,
				279BB7792A4683A200A4D313 /* StartButtonView.swift in Sources */,
				2719404C2A70AC7000137BAB /* SourceLinkView.swift in Sources */,
				27348EF72A81719C007FC1E7 /* SettingsLabelView.swift in Sources */,
				27F951AF2A475EE60065B76F /* FruitData.swift in Sources */,
				279BB7772A4680EE00A4D313 /* ColorExtension.swift in Sources */,
			);
			runOnlyForDeploymentPostprocessing = 0;
		};
/* End PBXSourcesBuildPhase section */

/* Begin XCBuildConfiguration section */
		279BB76C2A46714600A4D313 /* Debug */ = {
			isa = XCBuildConfiguration;
			buildSettings = {
				ALWAYS_SEARCH_USER_PATHS = NO;
				CLANG_ANALYZER_NONNULL = YES;
				CLANG_ANALYZER_NUMBER_OBJECT_CONVERSION = YES_AGGRESSIVE;
				CLANG_CXX_LANGUAGE_STANDARD = "gnu++20";
				CLANG_ENABLE_MODULES = YES;
				CLANG_ENABLE_OBJC_ARC = YES;
				CLANG_ENABLE_OBJC_WEAK = YES;
				CLANG_WARN_BLOCK_CAPTURE_AUTORELEASING = YES;
				CLANG_WARN_BOOL_CONVERSION = YES;
				CLANG_WARN_COMMA = YES;
				CLANG_WARN_CONSTANT_CONVERSION = YES;
				CLANG_WARN_DEPRECATED_OBJC_IMPLEMENTATIONS = YES;
				CLANG_WARN_DIRECT_OBJC_ISA_USAGE = YES_ERROR;
				CLANG_WARN_DOCUMENTATION_COMMENTS = YES;
				CLANG_WARN_EMPTY_BODY = YES;
				CLANG_WARN_ENUM_CONVERSION = YES;
				CLANG_WARN_INFINITE_RECURSION = YES;
				CLANG_WARN_INT_CONVERSION = YES;
				CLANG_WARN_NON_LITERAL_NULL_CONVERSION = YES;
				CLANG_WARN_OBJC_IMPLICIT_RETAIN_SELF = YES;
				CLANG_WARN_OBJC_LITERAL_CONVERSION = YES;
				CLANG_WARN_OBJC_ROOT_CLASS = YES_ERROR;
				CLANG_WARN_QUOTED_INCLUDE_IN_FRAMEWORK_HEADER = YES;
				CLANG_WARN_RANGE_LOOP_ANALYSIS = YES;
				CLANG_WARN_STRICT_PROTOTYPES = YES;
				CLANG_WARN_SUSPICIOUS_MOVE = YES;
				CLANG_WARN_UNGUARDED_AVAILABILITY = YES_AGGRESSIVE;
				CLANG_WARN_UNREACHABLE_CODE = YES;
				CLANG_WARN__DUPLICATE_METHOD_MATCH = YES;
				COPY_PHASE_STRIP = NO;
				DEBUG_INFORMATION_FORMAT = dwarf;
				ENABLE_STRICT_OBJC_MSGSEND = YES;
				ENABLE_TESTABILITY = YES;
				GCC_C_LANGUAGE_STANDARD = gnu11;
				GCC_DYNAMIC_NO_PIC = NO;
				GCC_NO_COMMON_BLOCKS = YES;
				GCC_OPTIMIZATION_LEVEL = 0;
				GCC_PREPROCESSOR_DEFINITIONS = (
					"DEBUG=1",
					"$(inherited)",
				);
				GCC_WARN_64_TO_32_BIT_CONVERSION = YES;
				GCC_WARN_ABOUT_RETURN_TYPE = YES_ERROR;
				GCC_WARN_UNDECLARED_SELECTOR = YES;
				GCC_WARN_UNINITIALIZED_AUTOS = YES_AGGRESSIVE;
				GCC_WARN_UNUSED_FUNCTION = YES;
				GCC_WARN_UNUSED_VARIABLE = YES;
				IPHONEOS_DEPLOYMENT_TARGET = 16.4;
				MTL_ENABLE_DEBUG_INFO = INCLUDE_SOURCE;
				MTL_FAST_MATH = YES;
				ONLY_ACTIVE_ARCH = YES;
				SDKROOT = iphoneos;
				SWIFT_ACTIVE_COMPILATION_CONDITIONS = DEBUG;
				SWIFT_OPTIMIZATION_LEVEL = "-Onone";
			};
			name = Debug;
		};
		279BB76D2A46714600A4D313 /* Release */ = {
			isa = XCBuildConfiguration;
			buildSettings = {
				ALWAYS_SEARCH_USER_PATHS = NO;
				CLANG_ANALYZER_NONNULL = YES;
				CLANG_ANALYZER_NUMBER_OBJECT_CONVERSION = YES_AGGRESSIVE;
				CLANG_CXX_LANGUAGE_STANDARD = "gnu++20";
				CLANG_ENABLE_MODULES = YES;
				CLANG_ENABLE_OBJC_ARC = YES;
				CLANG_ENABLE_OBJC_WEAK = YES;
				CLANG_WARN_BLOCK_CAPTURE_AUTORELEASING = YES;
				CLANG_WARN_BOOL_CONVERSION = YES;
				CLANG_WARN_COMMA = YES;
				CLANG_WARN_CONSTANT_CONVERSION = YES;
				CLANG_WARN_DEPRECATED_OBJC_IMPLEMENTATIONS = YES;
				CLANG_WARN_DIRECT_OBJC_ISA_USAGE = YES_ERROR;
				CLANG_WARN_DOCUMENTATION_COMMENTS = YES;
				CLANG_WARN_EMPTY_BODY = YES;
				CLANG_WARN_ENUM_CONVERSION = YES;
				CLANG_WARN_INFINITE_RECURSION = YES;
				CLANG_WARN_INT_CONVERSION = YES;
				CLANG_WARN_NON_LITERAL_NULL_CONVERSION = YES;
				CLANG_WARN_OBJC_IMPLICIT_RETAIN_SELF = YES;
				CLANG_WARN_OBJC_LITERAL_CONVERSION = YES;
				CLANG_WARN_OBJC_ROOT_CLASS = YES_ERROR;
				CLANG_WARN_QUOTED_INCLUDE_IN_FRAMEWORK_HEADER = YES;
				CLANG_WARN_RANGE_LOOP_ANALYSIS = YES;
				CLANG_WARN_STRICT_PROTOTYPES = YES;
				CLANG_WARN_SUSPICIOUS_MOVE = YES;
				CLANG_WARN_UNGUARDED_AVAILABILITY = YES_AGGRESSIVE;
				CLANG_WARN_UNREACHABLE_CODE = YES;
				CLANG_WARN__DUPLICATE_METHOD_MATCH = YES;
				COPY_PHASE_STRIP = NO;
				DEBUG_INFORMATION_FORMAT = "dwarf-with-dsym";
				ENABLE_NS_ASSERTIONS = NO;
				ENABLE_STRICT_OBJC_MSGSEND = YES;
				GCC_C_LANGUAGE_STANDARD = gnu11;
				GCC_NO_COMMON_BLOCKS = YES;
				GCC_WARN_64_TO_32_BIT_CONVERSION = YES;
				GCC_WARN_ABOUT_RETURN_TYPE = YES_ERROR;
				GCC_WARN_UNDECLARED_SELECTOR = YES;
				GCC_WARN_UNINITIALIZED_AUTOS = YES_AGGRESSIVE;
				GCC_WARN_UNUSED_FUNCTION = YES;
				GCC_WARN_UNUSED_VARIABLE = YES;
				IPHONEOS_DEPLOYMENT_TARGET = 16.4;
				MTL_ENABLE_DEBUG_INFO = NO;
				MTL_FAST_MATH = YES;
				SDKROOT = iphoneos;
				SWIFT_COMPILATION_MODE = wholemodule;
				SWIFT_OPTIMIZATION_LEVEL = "-O";
				VALIDATE_PRODUCT = YES;
			};
			name = Release;
		};
		279BB76F2A46714600A4D313 /* Debug */ = {
			isa = XCBuildConfiguration;
			buildSettings = {
				ASSETCATALOG_COMPILER_APPICON_NAME = AppIcon;
				ASSETCATALOG_COMPILER_GLOBAL_ACCENT_COLOR_NAME = AccentColor;
				CODE_SIGN_STYLE = Automatic;
				CURRENT_PROJECT_VERSION = 1;
				DEVELOPMENT_ASSET_PATHS = "\"Fructus/Preview Content\"";
				DEVELOPMENT_TEAM = B6A7UUWXVV;
				ENABLE_PREVIEWS = YES;
				GENERATE_INFOPLIST_FILE = YES;
				INFOPLIST_KEY_UIApplicationSceneManifest_Generation = YES;
				INFOPLIST_KEY_UIApplicationSupportsIndirectInputEvents = YES;
				INFOPLIST_KEY_UILaunchScreen_Generation = YES;
				INFOPLIST_KEY_UISupportedInterfaceOrientations = UIInterfaceOrientationPortrait;
				INFOPLIST_KEY_UISupportedInterfaceOrientations_iPad = "UIInterfaceOrientationLandscapeLeft UIInterfaceOrientationLandscapeRight UIInterfaceOrientationPortrait UIInterfaceOrientationPortraitUpsideDown";
				LD_RUNPATH_SEARCH_PATHS = (
					"$(inherited)",
					"@executable_path/Frameworks",
				);
				MARKETING_VERSION = 1.0;
				PRODUCT_BUNDLE_IDENTIFIER = com.amin.Fructus;
				PRODUCT_NAME = "$(TARGET_NAME)";
				SWIFT_EMIT_LOC_STRINGS = YES;
				SWIFT_VERSION = 5.0;
				TARGETED_DEVICE_FAMILY = "1,2";
			};
			name = Debug;
		};
		279BB7702A46714600A4D313 /* Release */ = {
			isa = XCBuildConfiguration;
			buildSettings = {
				ASSETCATALOG_COMPILER_APPICON_NAME = AppIcon;
				ASSETCATALOG_COMPILER_GLOBAL_ACCENT_COLOR_NAME = AccentColor;
				CODE_SIGN_STYLE = Automatic;
				CURRENT_PROJECT_VERSION = 1;
				DEVELOPMENT_ASSET_PATHS = "\"Fructus/Preview Content\"";
				DEVELOPMENT_TEAM = B6A7UUWXVV;
				ENABLE_PREVIEWS = YES;
				GENERATE_INFOPLIST_FILE = YES;
				INFOPLIST_KEY_UIApplicationSceneManifest_Generation = YES;
				INFOPLIST_KEY_UIApplicationSupportsIndirectInputEvents = YES;
				INFOPLIST_KEY_UILaunchScreen_Generation = YES;
				INFOPLIST_KEY_UISupportedInterfaceOrientations = UIInterfaceOrientationPortrait;
				INFOPLIST_KEY_UISupportedInterfaceOrientations_iPad = "UIInterfaceOrientationLandscapeLeft UIInterfaceOrientationLandscapeRight UIInterfaceOrientationPortrait UIInterfaceOrientationPortraitUpsideDown";
				LD_RUNPATH_SEARCH_PATHS = (
					"$(inherited)",
					"@executable_path/Frameworks",
				);
				MARKETING_VERSION = 1.0;
				PRODUCT_BUNDLE_IDENTIFIER = com.amin.Fructus;
				PRODUCT_NAME = "$(TARGET_NAME)";
				SWIFT_EMIT_LOC_STRINGS = YES;
				SWIFT_VERSION = 5.0;
				TARGETED_DEVICE_FAMILY = "1,2";
			};
			name = Release;
		};
/* End XCBuildConfiguration section */

/* Begin XCConfigurationList section */
		279BB75B2A46714500A4D313 /* Build configuration list for PBXProject "Fructus" */ = {
			isa = XCConfigurationList;
			buildConfigurations = (
				279BB76C2A46714600A4D313 /* Debug */,
				279BB76D2A46714600A4D313 /* Release */,
			);
			defaultConfigurationIsVisible = 0;
			defaultConfigurationName = Release;
		};
		279BB76E2A46714600A4D313 /* Build configuration list for PBXNativeTarget "Fructus" */ = {
			isa = XCConfigurationList;
			buildConfigurations = (
				279BB76F2A46714600A4D313 /* Debug */,
				279BB7702A46714600A4D313 /* Release */,
			);
			defaultConfigurationIsVisible = 0;
			defaultConfigurationName = Release;
		};
/* End XCConfigurationList section */
	};
	rootObject = 279BB7582A46714500A4D313 /* Project object */;
}
